{
    "_readme": [
        "This file locks the dependencies of your project to a known state",
        "Read more about it at https://getcomposer.org/doc/01-basic-usage.md#composer-lock-the-lock-file",
        "This file is @generated automatically"
    ],
    "hash": "ff9eff66cf658da1b9bd87b6b0701777",
    "content-hash": "9376f425539ffca54e7f1df31ee9ef92",
    "packages": [
        {
            "name": "automattic/woocommerce",
            "version": "1.1.1",
            "source": {
                "type": "git",
                "url": "https://github.com/woothemes/wc-api-php.git",
                "reference": "fb53cf2321b2a5ef001de0a06c88073a05a7a4c3"
            },
            "dist": {
                "type": "zip",
                "url": "https://api.github.com/repos/woothemes/wc-api-php/zipball/fb53cf2321b2a5ef001de0a06c88073a05a7a4c3",
                "reference": "fb53cf2321b2a5ef001de0a06c88073a05a7a4c3",
                "shasum": ""
            },
            "require": {
                "ext-curl": "*",
                "ext-json": "*",
                "php": ">= 5.4.0"
            },
            "require-dev": {
                "phpunit/phpunit": "*"
            },
            "type": "library",
            "autoload": {
                "psr-4": {
                    "Automattic\\WooCommerce\\": [
                        "src/WooCommerce"
                    ]
                }
            },
            "notification-url": "https://packagist.org/downloads/",
            "license": [
                "MIT"
            ],
            "authors": [
                {
                    "name": "Claudio Sanches",
                    "email": "claudio.sanches@automattic.com"
                }
            ],
            "description": "A PHP wrapper for the WooCommerce REST API",
            "keywords": [
                "api",
                "woocommerce"
            ],
            "time": "2016-05-10 21:07:17"
        },
        {
            "name": "woothemes/woocommerce-api",
            "version": "2.0.1",
            "source": {
                "type": "git",
                "url": "https://github.com/kloon/WooCommerce-REST-API-Client-Library.git",
                "reference": "66fb772d21822dde0a07ea083953a5873a390e07"
            },
            "dist": {
                "type": "zip",
                "url": "https://api.github.com/repos/kloon/WooCommerce-REST-API-Client-Library/zipball/66fb772d21822dde0a07ea083953a5873a390e07",
                "reference": "66fb772d21822dde0a07ea083953a5873a390e07",
                "shasum": ""
            },
            "require": {
                "ext-curl": "*",
                "ext-json": "*",
                "php": ">= 5.2.0"
            },
            "type": "library",
            "autoload": {
                "classmap": [
                    "lib/woocommerce-api"
                ]
            },
            "notification-url": "https://packagist.org/downloads/",
            "license": [
                "GPL v3"
            ],
            "authors": [
                {
                    "name": "Max Rice",
                    "email": "max@maxrice.com"
                },
                {
                    "name": "Gerhard Potgieter"
                }
            ],
            "description": "A client library for the WooCommerce REST API",
            "time": "2015-07-13 21:19:17"
        }
    ],
    "packages-dev": [],
    "aliases": [],
    "minimum-stability": "stable",
    "stability-flags": [],
    "prefer-stable": false,
    "prefer-lowest": false,
    "platform": [],
    "platform-dev": []
}
